
Microsoft Visual Studio Solution File, Format Version 12.00
# Visual Studio Version 17
VisualStudioVersion = 17.5.33627.172
MinimumVisualStudioVersion = 10.0.40219.1
Project("{FAE04EC0-301F-11D3-BF4B-00C04F79EFBC}") = "ChallengeOne", "ChallengeOne\ChallengeOne.csproj", "{2B7030A6-C440-4C1A-BAE4-B4059709CF91}"
EndProject
Global
	GlobalSection(SolutionConfigurationPlatforms) = preSolution
		Debug|Any CPU = Debug|Any CPU
		Release|Any CPU = Release|Any CPU
	EndGlobalSection
	GlobalSection(ProjectConfigurationPlatforms) = postSolution
		{2B7030A6-C440-4C1A-BAE4-B4059709CF91}.Debug|Any CPU.ActiveCfg = Debug|Any CPU
		{2B7030A6-C440-4C1A-BAE4-B4059709CF91}.Debug|Any CPU.Build.0 = Debug|Any CPU
		{2B7030A6-C440-4C1A-BAE4-B4059709CF91}.Release|Any CPU.ActiveCfg = Release|Any CPU
		{2B7030A6-C440-4C1A-BAE4-B4059709CF91}.Release|Any CPU.Build.0 = Release|Any CPU
	EndGlobalSection
	GlobalSection(SolutionProperties) = preSolution
		HideSolutionNode = FALSE
	EndGlobalSection
	GlobalSection(ExtensibilityGlobals) = postSolution
		SolutionGuid = {4D144F40-E347-471F-910D-55F6CF5793B1}
	EndGlobalSection
EndGlobal
