
Microsoft Visual Studio Solution File, Format Version 12.00
# Visual Studio Version 17
VisualStudioVersion = 17.5.33627.172
MinimumVisualStudioVersion = 10.0.40219.1
Project("{FAE04EC0-301F-11D3-BF4B-00C04F79EFBC}") = "ChallengeTwo", "ChallengeTwo\ChallengeTwo.csproj", "{6457E4F4-F7AD-4D4C-8D6F-9689338DA74D}"
EndProject
Global
	GlobalSection(SolutionConfigurationPlatforms) = preSolution
		Debug|Any CPU = Debug|Any CPU
		Release|Any CPU = Release|Any CPU
	EndGlobalSection
	GlobalSection(ProjectConfigurationPlatforms) = postSolution
		{6457E4F4-F7AD-4D4C-8D6F-9689338DA74D}.Debug|Any CPU.ActiveCfg = Debug|Any CPU
		{6457E4F4-F7AD-4D4C-8D6F-9689338DA74D}.Debug|Any CPU.Build.0 = Debug|Any CPU
		{6457E4F4-F7AD-4D4C-8D6F-9689338DA74D}.Release|Any CPU.ActiveCfg = Release|Any CPU
		{6457E4F4-F7AD-4D4C-8D6F-9689338DA74D}.Release|Any CPU.Build.0 = Release|Any CPU
	EndGlobalSection
	GlobalSection(SolutionProperties) = preSolution
		HideSolutionNode = FALSE
	EndGlobalSection
	GlobalSection(ExtensibilityGlobals) = postSolution
		SolutionGuid = {A0901A33-1B6C-44D0-B3D9-5A5918E9BB80}
	EndGlobalSection
EndGlobal
